
Microsoft Visual Studio Solution File, Format Version 12.00
# Visual Studio Version 17
VisualStudioVersion = 17.7.34221.43
MinimumVisualStudioVersion = 10.0.40219.1
Project("{FAE04EC0-301F-11D3-BF4B-00C04F79EFBC}") = "LagControlConsole", "LagControlConsole\LagControlConsole.csproj", "{A5A53E68-8D09-424D-9237-64C3DB32CAAF}"
EndProject
Project("{2150E333-8FDC-42A3-9474-1A3956D46DE8}") = "LagFinance", "LagFinance", "{A532C5A7-EBE2-47F9-A02B-16E4663C4781}"
EndProject
Project("{FAE04EC0-301F-11D3-BF4B-00C04F79EFBC}") = "LagFinanceLib", "LagFinance\LagFinanceLib\LagFinanceLib.csproj", "{0A3833D1-E62D-45BE-9F6A-AD325EB2996B}"
EndProject
Global
	GlobalSection(SolutionConfigurationPlatforms) = preSolution
		Debug|Any CPU = Debug|Any CPU
		Release|Any CPU = Release|Any CPU
	EndGlobalSection
	GlobalSection(ProjectConfigurationPlatforms) = postSolution
		{A5A53E68-8D09-424D-9237-64C3DB32CAAF}.Debug|Any CPU.ActiveCfg = Debug|Any CPU
		{A5A53E68-8D09-424D-9237-64C3DB32CAAF}.Debug|Any CPU.Build.0 = Debug|Any CPU
		{A5A53E68-8D09-424D-9237-64C3DB32CAAF}.Release|Any CPU.ActiveCfg = Release|Any CPU
		{A5A53E68-8D09-424D-9237-64C3DB32CAAF}.Release|Any CPU.Build.0 = Release|Any CPU
		{0A3833D1-E62D-45BE-9F6A-AD325EB2996B}.Debug|Any CPU.ActiveCfg = Debug|Any CPU
		{0A3833D1-E62D-45BE-9F6A-AD325EB2996B}.Debug|Any CPU.Build.0 = Debug|Any CPU
		{0A3833D1-E62D-45BE-9F6A-AD325EB2996B}.Release|Any CPU.ActiveCfg = Release|Any CPU
		{0A3833D1-E62D-45BE-9F6A-AD325EB2996B}.Release|Any CPU.Build.0 = Release|Any CPU
	EndGlobalSection
	GlobalSection(SolutionProperties) = preSolution
		HideSolutionNode = FALSE
	EndGlobalSection
	GlobalSection(NestedProjects) = preSolution
		{0A3833D1-E62D-45BE-9F6A-AD325EB2996B} = {A532C5A7-EBE2-47F9-A02B-16E4663C4781}
	EndGlobalSection
	GlobalSection(ExtensibilityGlobals) = postSolution
		SolutionGuid = {9559EC51-72A2-4F47-82D7-73D37864121E}
	EndGlobalSection
EndGlobal
