
Microsoft Visual Studio Solution File, Format Version 12.00
# Visual Studio Version 17
VisualStudioVersion = 17.7.34221.43
MinimumVisualStudioVersion = 10.0.40219.1
Project("{2150E333-8FDC-42A3-9474-1A3956D46DE8}") = "LagFinance", "LagFinance", "{A532C5A7-EBE2-47F9-A02B-16E4663C4781}"
EndProject
Project("{9A19103F-16F7-4668-BE54-9A1E7A4F7556}") = "LagFinanceLib", "LagFinance\LagFinanceLib\LagFinanceLib.csproj", "{0A3833D1-E62D-45BE-9F6A-AD325EB2996B}"
EndProject
Project("{2150E333-8FDC-42A3-9474-1A3956D46DE8}") = "Forms", "Forms", "{77B70209-E723-4968-A399-E6F65CE3975F}"
EndProject
Project("{9A19103F-16F7-4668-BE54-9A1E7A4F7556}") = "LagControlForms", "Forms\LagControlForms\LagControlForms.csproj", "{1F97F083-DC55-4E54-9F6B-DDACEB509582}"
EndProject
Global
	GlobalSection(SolutionConfigurationPlatforms) = preSolution
		Debug|Any CPU = Debug|Any CPU
		Release|Any CPU = Release|Any CPU
	EndGlobalSection
	GlobalSection(ProjectConfigurationPlatforms) = postSolution
		{0A3833D1-E62D-45BE-9F6A-AD325EB2996B}.Debug|Any CPU.ActiveCfg = Debug|Any CPU
		{0A3833D1-E62D-45BE-9F6A-AD325EB2996B}.Debug|Any CPU.Build.0 = Debug|Any CPU
		{0A3833D1-E62D-45BE-9F6A-AD325EB2996B}.Release|Any CPU.ActiveCfg = Release|Any CPU
		{0A3833D1-E62D-45BE-9F6A-AD325EB2996B}.Release|Any CPU.Build.0 = Release|Any CPU
		{1F97F083-DC55-4E54-9F6B-DDACEB509582}.Debug|Any CPU.ActiveCfg = Debug|Any CPU
		{1F97F083-DC55-4E54-9F6B-DDACEB509582}.Debug|Any CPU.Build.0 = Debug|Any CPU
		{1F97F083-DC55-4E54-9F6B-DDACEB509582}.Release|Any CPU.ActiveCfg = Release|Any CPU
		{1F97F083-DC55-4E54-9F6B-DDACEB509582}.Release|Any CPU.Build.0 = Release|Any CPU
	EndGlobalSection
	GlobalSection(SolutionProperties) = preSolution
		HideSolutionNode = FALSE
	EndGlobalSection
	GlobalSection(NestedProjects) = preSolution
		{0A3833D1-E62D-45BE-9F6A-AD325EB2996B} = {A532C5A7-EBE2-47F9-A02B-16E4663C4781}
		{1F97F083-DC55-4E54-9F6B-DDACEB509582} = {77B70209-E723-4968-A399-E6F65CE3975F}
	EndGlobalSection
	GlobalSection(ExtensibilityGlobals) = postSolution
		SolutionGuid = {9559EC51-72A2-4F47-82D7-73D37864121E}
	EndGlobalSection
EndGlobal
